{
  "version": 4,
  "terraform_version": "0.12.28",
  "serial": 162,
  "lineage": "86e4a905-47aa-dd64-8a0f-c560f8d14905",
  "outputs": {},
  "resources": [
    {
      "module": "module.db",
      "mode": "data",
      "type": "aws_iam_policy_document",
      "name": "monitoring_rds_assume_role",
      "provider": "provider.aws",
      "instances": [
        {
          "schema_version": 0,
          "attributes": {
            "id": "1813475199",
            "json": "{\n  \"Version\": \"2012-10-17\",\n  \"Statement\": [\n    {\n      \"Sid\": \"\",\n      \"Effect\": \"Allow\",\n      \"Action\": \"sts:AssumeRole\",\n      \"Principal\": {\n        \"Service\": \"monitoring.rds.amazonaws.com\"\n      }\n    }\n  ]\n}",
            "override_json": null,
            "policy_id": null,
            "source_json": null,
            "statement": [
              {
                "actions": [
                  "sts:AssumeRole"
                ],
                "condition": [],
                "effect": "Allow",
                "not_actions": [],
                "not_principals": [],
                "not_resources": [],
                "principals": [
                  {
                    "identifiers": [
                      "monitoring.rds.amazonaws.com"
                    ],
                    "type": "Service"
                  }
                ],
                "resources": [],
                "sid": ""
              }
            ],
            "version": "2012-10-17"
          }
        }
      ]
    },
    {
      "mode": "data",
      "type": "aws_region",
      "name": "final_region",
      "provider": "provider.aws",
      "instances": [
        {
          "schema_version": 0,
          "attributes": {
            "description": "US East (N. Virginia)",
            "endpoint": "ec2.us-east-1.amazonaws.com",
            "id": "us-east-1",
            "name": "us-east-1"
          }
        }
      ]
    },
    {
      "mode": "managed",
      "type": "aws_alb",
      "name": "Final_LB",
      "provider": "provider.aws",
      "instances": [
        {
          "schema_version": 0,
          "attributes": {
            "access_logs": [
              {
                "bucket": "",
                "enabled": false,
                "prefix": ""
              }
            ],
            "arn": "arn:aws:elasticloadbalancing:us-east-1:612350829261:loadbalancer/app/final-loadbalancer/4df933fd12932c57",
            "arn_suffix": "app/final-loadbalancer/4df933fd12932c57",
            "customer_owned_ipv4_pool": "",
            "dns_name": "final-loadbalancer-772240386.us-east-1.elb.amazonaws.com",
            "drop_invalid_header_fields": false,
            "enable_cross_zone_load_balancing": null,
            "enable_deletion_protection": false,
            "enable_http2": true,
            "id": "arn:aws:elasticloadbalancing:us-east-1:612350829261:loadbalancer/app/final-loadbalancer/4df933fd12932c57",
            "idle_timeout": 60,
            "internal": false,
            "ip_address_type": "ipv4",
            "load_balancer_type": "application",
            "name": "final-loadbalancer",
            "name_prefix": null,
            "security_groups": [
              "sg-0e3a914882008f2e4"
            ],
            "subnet_mapping": [
              {
                "allocation_id": "",
                "outpost_id": "",
                "private_ipv4_address": "",
                "subnet_id": "subnet-0a6b0a4c5bc3a1e31"
              },
              {
                "allocation_id": "",
                "outpost_id": "",
                "private_ipv4_address": "",
                "subnet_id": "subnet-0f714bb3e3ddee3fa"
              }
            ],
            "subnets": [
              "subnet-0a6b0a4c5bc3a1e31",
              "subnet-0f714bb3e3ddee3fa"
            ],
            "tags": {
              "Name": "production loadbalancer"
            },
            "timeouts": null,
            "vpc_id": "vpc-0cb09f595170f8e93",
            "zone_id": "Z35SXDOTRQ7X7K"
          },
          "private": "eyJlMmJmYjczMC1lY2FhLTExZTYtOGY4OC0zNDM2M2JjN2M0YzAiOnsiY3JlYXRlIjo2MDAwMDAwMDAwMDAsImRlbGV0ZSI6NjAwMDAwMDAwMDAwLCJ1cGRhdGUiOjYwMDAwMDAwMDAwMH19",
          "dependencies": [
            "aws_security_group.lb_security_group",
            "aws_subnet.public_subnets",
            "aws_vpc.vpcmain"
          ]
        }
      ]
    },
    {
      "mode": "managed",
      "type": "aws_alb_listener",
      "name": "listner",
      "provider": "provider.aws",
      "instances": [
        {
          "schema_version": 0,
          "attributes": {
            "arn": "arn:aws:elasticloadbalancing:us-east-1:612350829261:listener/app/final-loadbalancer/4df933fd12932c57/ec13bbf6d5de8fcc",
            "certificate_arn": null,
            "default_action": [
              {
                "authenticate_cognito": [],
                "authenticate_oidc": [],
                "fixed_response": [],
                "forward": [],
                "order": 1,
                "redirect": [],
                "target_group_arn": "arn:aws:elasticloadbalancing:us-east-1:612350829261:targetgroup/final-tg/5ad60b0817a1902a",
                "type": "forward"
              }
            ],
            "id": "arn:aws:elasticloadbalancing:us-east-1:612350829261:listener/app/final-loadbalancer/4df933fd12932c57/ec13bbf6d5de8fcc",
            "load_balancer_arn": "arn:aws:elasticloadbalancing:us-east-1:612350829261:loadbalancer/app/final-loadbalancer/4df933fd12932c57",
            "port": 80,
            "protocol": "HTTP",
            "ssl_policy": "",
            "timeouts": null
          },
          "private": "eyJlMmJmYjczMC1lY2FhLTExZTYtOGY4OC0zNDM2M2JjN2M0YzAiOnsicmVhZCI6NjAwMDAwMDAwMDAwfX0=",
          "dependencies": [
            "aws_alb.Final_LB",
            "aws_alb_target_group.final_target_group",
            "aws_alb_target_group_attachment.target_group_attachment",
            "aws_instance.PublicEC2",
            "aws_security_group.lb_security_group",
            "aws_security_group.public_security_group",
            "aws_subnet.public_subnets",
            "aws_vpc.vpcmain"
          ]
        }
      ]
    },
    {
      "mode": "managed",
      "type": "aws_alb_target_group",
      "name": "final_target_group",
      "provider": "provider.aws",
      "instances": [
        {
          "schema_version": 0,
          "attributes": {
            "arn": "arn:aws:elasticloadbalancing:us-east-1:612350829261:targetgroup/final-tg/5ad60b0817a1902a",
            "arn_suffix": "targetgroup/final-tg/5ad60b0817a1902a",
            "deregistration_delay": 300,
            "health_check": [
              {
                "enabled": true,
                "healthy_threshold": 5,
                "interval": 5,
                "matcher": "200",
                "path": "/",
                "port": "80",
                "protocol": "HTTP",
                "timeout": 4,
                "unhealthy_threshold": 2
              }
            ],
            "id": "arn:aws:elasticloadbalancing:us-east-1:612350829261:targetgroup/final-tg/5ad60b0817a1902a",
            "lambda_multi_value_headers_enabled": false,
            "load_balancing_algorithm_type": "round_robin",
            "name": "final-tg",
            "name_prefix": null,
            "port": 80,
            "protocol": "HTTP",
            "proxy_protocol_v2": false,
            "slow_start": 0,
            "stickiness": [
              {
                "cookie_duration": 86400,
                "enabled": false,
                "type": "lb_cookie"
              }
            ],
            "tags": {
              "Name": "target_group"
            },
            "target_type": "instance",
            "vpc_id": "vpc-0cb09f595170f8e93"
          },
          "private": "bnVsbA==",
          "dependencies": [
            "aws_vpc.vpcmain"
          ]
        }
      ]
    },
    {
      "mode": "managed",
      "type": "aws_alb_target_group_attachment",
      "name": "target_group_attachment",
      "each": "list",
      "provider": "provider.aws",
      "instances": [
        {
          "index_key": 0,
          "schema_version": 0,
          "attributes": {
            "availability_zone": null,
            "id": "arn:aws:elasticloadbalancing:us-east-1:612350829261:targetgroup/final-tg/5ad60b0817a1902a-20201212233004964500000006",
            "port": 80,
            "target_group_arn": "arn:aws:elasticloadbalancing:us-east-1:612350829261:targetgroup/final-tg/5ad60b0817a1902a",
            "target_id": "i-0493eb56c273963e1"
          },
          "private": "bnVsbA==",
          "dependencies": [
            "aws_alb_target_group.final_target_group",
            "aws_instance.PublicEC2",
            "aws_security_group.public_security_group",
            "aws_subnet.public_subnets",
            "aws_vpc.vpcmain"
          ]
        },
        {
          "index_key": 1,
          "schema_version": 0,
          "attributes": {
            "availability_zone": null,
            "id": "arn:aws:elasticloadbalancing:us-east-1:612350829261:targetgroup/final-tg/5ad60b0817a1902a-20201212233004732000000005",
            "port": 80,
            "target_group_arn": "arn:aws:elasticloadbalancing:us-east-1:612350829261:targetgroup/final-tg/5ad60b0817a1902a",
            "target_id": "i-01136a1df8ad53d6c"
          },
          "private": "bnVsbA==",
          "dependencies": [
            "aws_alb_target_group.final_target_group",
            "aws_instance.PublicEC2",
            "aws_security_group.public_security_group",
            "aws_subnet.public_subnets",
            "aws_vpc.vpcmain"
          ]
        }
      ]
    },
    {
      "module": "module.db",
      "mode": "managed",
      "type": "aws_appautoscaling_policy",
      "name": "autoscaling_read_replica_count",
      "each": "list",
      "provider": "provider.aws",
      "instances": []
    },
    {
      "module": "module.db",
      "mode": "managed",
      "type": "aws_appautoscaling_target",
      "name": "read_replica_count",
      "each": "list",
      "provider": "provider.aws",
      "instances": []
    },
    {
      "mode": "managed",
      "type": "aws_autoscaling_group",
      "name": "private_asg",
      "provider": "provider.aws",
      "instances": [
        {
          "schema_version": 0,
          "attributes": {
            "arn": "arn:aws:autoscaling:us-east-1:612350829261:autoScalingGroup:5d7c4a87-3e44-4b9b-ba7c-08a792052c9e:autoScalingGroupName/private_asg",
            "availability_zones": [
              "us-east-1a",
              "us-east-1b"
            ],
            "capacity_rebalance": false,
            "default_cooldown": 30,
            "desired_capacity": 1,
            "enabled_metrics": null,
            "force_delete": false,
            "health_check_grace_period": 30,
            "health_check_type": "ELB",
            "id": "private_asg",
            "initial_lifecycle_hook": [],
            "launch_configuration": "Priv_ASG_Launch_Config",
            "launch_template": [],
            "load_balancers": null,
            "max_instance_lifetime": 0,
            "max_size": 3,
            "metrics_granularity": "1Minute",
            "min_elb_capacity": null,
            "min_size": 1,
            "mixed_instances_policy": [],
            "name": "private_asg",
            "name_prefix": null,
            "placement_group": "",
            "protect_from_scale_in": false,
            "service_linked_role_arn": "arn:aws:iam::612350829261:role/aws-service-role/autoscaling.amazonaws.com/AWSServiceRoleForAutoScaling",
            "suspended_processes": null,
            "tag": [
              {
                "key": "Name",
                "propagate_at_launch": true,
                "value": "ASG-PRIV"
              }
            ],
            "tags": null,
            "target_group_arns": null,
            "termination_policies": null,
            "timeouts": null,
            "vpc_zone_identifier": [
              "subnet-0d7ed62df8a6a0c6a",
              "subnet-0ffeed2ecf0e3748d"
            ],
            "wait_for_capacity_timeout": "10m",
            "wait_for_elb_capacity": null
          },
          "private": "eyJlMmJmYjczMC1lY2FhLTExZTYtOGY4OC0zNDM2M2JjN2M0YzAiOnsiZGVsZXRlIjo2MDAwMDAwMDAwMDB9fQ==",
          "dependencies": [
            "aws_launch_configuration.asg_launch_priv",
            "aws_security_group.private_security_group",
            "aws_security_group.public_security_group",
            "aws_subnet.private_subnets",
            "aws_vpc.vpcmain"
          ]
        }
      ]
    },
    {
      "mode": "managed",
      "type": "aws_autoscaling_group",
      "name": "public_asg",
      "provider": "provider.aws",
      "instances": [
        {
          "schema_version": 0,
          "attributes": {
            "arn": "arn:aws:autoscaling:us-east-1:612350829261:autoScalingGroup:863e15d3-f7e8-45bf-91bd-961d09e34e2c:autoScalingGroupName/public_asg",
            "availability_zones": [
              "us-east-1a",
              "us-east-1b"
            ],
            "capacity_rebalance": false,
            "default_cooldown": 30,
            "desired_capacity": 1,
            "enabled_metrics": null,
            "force_delete": false,
            "health_check_grace_period": 30,
            "health_check_type": "ELB",
            "id": "public_asg",
            "initial_lifecycle_hook": [],
            "launch_configuration": "Pub_ASG_Launch_Config",
            "launch_template": [],
            "load_balancers": null,
            "max_instance_lifetime": 0,
            "max_size": 3,
            "metrics_granularity": "1Minute",
            "min_elb_capacity": null,
            "min_size": 1,
            "mixed_instances_policy": [],
            "name": "public_asg",
            "name_prefix": null,
            "placement_group": "",
            "protect_from_scale_in": false,
            "service_linked_role_arn": "arn:aws:iam::612350829261:role/aws-service-role/autoscaling.amazonaws.com/AWSServiceRoleForAutoScaling",
            "suspended_processes": null,
            "tag": [
              {
                "key": "Name",
                "propagate_at_launch": true,
                "value": "ASG-Pub"
              }
            ],
            "tags": null,
            "target_group_arns": null,
            "termination_policies": null,
            "timeouts": null,
            "vpc_zone_identifier": [
              "subnet-0a6b0a4c5bc3a1e31",
              "subnet-0f714bb3e3ddee3fa"
            ],
            "wait_for_capacity_timeout": "10m",
            "wait_for_elb_capacity": null
          },
          "private": "eyJlMmJmYjczMC1lY2FhLTExZTYtOGY4OC0zNDM2M2JjN2M0YzAiOnsiZGVsZXRlIjo2MDAwMDAwMDAwMDB9fQ==",
          "dependencies": [
            "aws_launch_configuration.asg_launch_pub",
            "aws_security_group.public_security_group",
            "aws_subnet.public_subnets",
            "aws_vpc.vpcmain"
          ]
        }
      ]
    },
    {
      "mode": "managed",
      "type": "aws_cloudfront_distribution",
      "name": "s3_distribution",
      "provider": "provider.aws",
      "instances": [
        {
          "schema_version": 1,
          "attributes": {
            "aliases": null,
            "arn": "arn:aws:cloudfront::612350829261:distribution/EYZT7EC1OHBF4",
            "caller_reference": "terraform-20201212232859819400000004",
            "comment": "Some comment",
            "custom_error_response": [],
            "default_cache_behavior": [
              {
                "allowed_methods": [
                  "DELETE",
                  "GET",
                  "HEAD",
                  "OPTIONS",
                  "PATCH",
                  "POST",
                  "PUT"
                ],
                "cached_methods": [
                  "GET",
                  "HEAD"
                ],
                "compress": false,
                "default_ttl": 3600,
                "field_level_encryption_id": "",
                "forwarded_values": [
                  {
                    "cookies": [
                      {
                        "forward": "none",
                        "whitelisted_names": null
                      }
                    ],
                    "headers": null,
                    "query_string": false,
                    "query_string_cache_keys": null
                  }
                ],
                "lambda_function_association": [],
                "max_ttl": 86400,
                "min_ttl": 0,
                "smooth_streaming": false,
                "target_origin_id": "S3-final-exam-kim",
                "trusted_signers": null,
                "viewer_protocol_policy": "allow-all"
              }
            ],
            "default_root_object": "index.html",
            "domain_name": "dn7g6cnkauuzz.cloudfront.net",
            "enabled": true,
            "etag": "E1XY86HM5DXP75",
            "hosted_zone_id": "Z2FDTNDATAQYW2",
            "http_version": "http2",
            "id": "EYZT7EC1OHBF4",
            "in_progress_validation_batches": 0,
            "is_ipv6_enabled": true,
            "last_modified_time": "2020-12-12 23:29:00.745 +0000 UTC",
            "logging_config": [
              {
                "bucket": "final-exam-logs.s3.amazonaws.com",
                "include_cookies": false,
                "prefix": "myprefix"
              }
            ],
            "ordered_cache_behavior": [
              {
                "allowed_methods": [
                  "GET",
                  "HEAD",
                  "OPTIONS"
                ],
                "cached_methods": [
                  "GET",
                  "HEAD",
                  "OPTIONS"
                ],
                "compress": true,
                "default_ttl": 86400,
                "field_level_encryption_id": "",
                "forwarded_values": [
                  {
                    "cookies": [
                      {
                        "forward": "none",
                        "whitelisted_names": null
                      }
                    ],
                    "headers": [
                      "Origin"
                    ],
                    "query_string": false,
                    "query_string_cache_keys": null
                  }
                ],
                "lambda_function_association": [],
                "max_ttl": 31536000,
                "min_ttl": 0,
                "path_pattern": "/content/immutable/*",
                "smooth_streaming": false,
                "target_origin_id": "S3-final-exam-kim",
                "trusted_signers": null,
                "viewer_protocol_policy": "redirect-to-https"
              },
              {
                "allowed_methods": [
                  "GET",
                  "HEAD",
                  "OPTIONS"
                ],
                "cached_methods": [
                  "GET",
                  "HEAD"
                ],
                "compress": true,
                "default_ttl": 3600,
                "field_level_encryption_id": "",
                "forwarded_values": [
                  {
                    "cookies": [
                      {
                        "forward": "none",
                        "whitelisted_names": null
                      }
                    ],
                    "headers": null,
                    "query_string": false,
                    "query_string_cache_keys": null
                  }
                ],
                "lambda_function_association": [],
                "max_ttl": 86400,
                "min_ttl": 0,
                "path_pattern": "/content/*",
                "smooth_streaming": false,
                "target_origin_id": "S3-final-exam-kim",
                "trusted_signers": null,
                "viewer_protocol_policy": "redirect-to-https"
              }
            ],
            "origin": [
              {
                "custom_header": [],
                "custom_origin_config": [],
                "domain_name": "final-exam-kim.s3.amazonaws.com",
                "origin_id": "S3-final-exam-kim",
                "origin_path": "",
                "s3_origin_config": []
              }
            ],
            "origin_group": [],
            "price_class": "PriceClass_All",
            "restrictions": [
              {
                "geo_restriction": [
                  {
                    "locations": [
                      "CA",
                      "DE",
                      "GB",
                      "US"
                    ],
                    "restriction_type": "whitelist"
                  }
                ]
              }
            ],
            "retain_on_delete": false,
            "status": "Deployed",
            "tags": {
              "Environment": "production"
            },
            "trusted_signers": [
              {
                "enabled": false,
                "items": []
              }
            ],
            "viewer_certificate": [
              {
                "acm_certificate_arn": "",
                "cloudfront_default_certificate": true,
                "iam_certificate_id": "",
                "minimum_protocol_version": "TLSv1",
                "ssl_support_method": ""
              }
            ],
            "wait_for_deployment": true,
            "web_acl_id": ""
          },
          "private": "eyJzY2hlbWFfdmVyc2lvbiI6IjEifQ=="
        }
      ]
    },
    {
      "mode": "managed",
      "type": "aws_db_subnet_group",
      "name": "db_subnet_group",
      "provider": "provider.aws",
      "instances": [
        {
          "schema_version": 0,
          "attributes": {
            "arn": "arn:aws:rds:us-east-1:612350829261:subgrp:subnet_group",
            "description": "Managed by Terraform",
            "id": "subnet_group",
            "name": "subnet_group",
            "name_prefix": null,
            "subnet_ids": [
              "subnet-08febc4aa19ddfc51",
              "subnet-0a4f5268a75e578b9"
            ],
            "tags": {
              "Name": "db_subnet_group"
            }
          },
          "private": "bnVsbA==",
          "dependencies": [
            "aws_subnet.private_datasubnets",
            "aws_vpc.vpcmain"
          ]
        }
      ]
    },
    {
      "mode": "managed",
      "type": "aws_efs_file_system",
      "name": "EFS",
      "provider": "provider.aws",
      "instances": [
        {
          "schema_version": 0,
          "attributes": {
            "arn": "arn:aws:elasticfilesystem:us-east-1:612350829261:file-system/fs-1ba1cbee",
            "creation_token": "terraform-20201212232859788200000002",
            "dns_name": "fs-1ba1cbee.efs.us-east-1.amazonaws.com",
            "encrypted": false,
            "id": "fs-1ba1cbee",
            "kms_key_id": "",
            "lifecycle_policy": [],
            "performance_mode": "generalPurpose",
            "provisioned_throughput_in_mibps": 0,
            "tags": {
              "Name": "MyProduct"
            },
            "throughput_mode": "bursting"
          },
          "private": "bnVsbA=="
        }
      ]
    },
    {
      "mode": "managed",
      "type": "aws_efs_mount_target",
      "name": "alpha",
      "each": "list",
      "provider": "provider.aws",
      "instances": [
        {
          "index_key": 0,
          "schema_version": 0,
          "attributes": {
            "availability_zone_id": "use1-az4",
            "availability_zone_name": "us-east-1a",
            "dns_name": "fs-1ba1cbee.efs.us-east-1.amazonaws.com",
            "file_system_arn": "arn:aws:elasticfilesystem:us-east-1:612350829261:file-system/fs-1ba1cbee",
            "file_system_id": "fs-1ba1cbee",
            "id": "fsmt-77268a82",
            "ip_address": "10.0.4.243",
            "mount_target_dns_name": "us-east-1a.fs-1ba1cbee.efs.us-east-1.amazonaws.com",
            "network_interface_id": "eni-0cfb0125168022048",
            "owner_id": "612350829261",
            "security_groups": [
              "sg-08de806cb4423bee5"
            ],
            "subnet_id": "subnet-08febc4aa19ddfc51"
          },
          "private": "bnVsbA==",
          "dependencies": [
            "aws_efs_file_system.EFS",
            "aws_security_group.private_security_group",
            "aws_security_group.public_security_group",
            "aws_subnet.private_datasubnets",
            "aws_vpc.vpcmain"
          ]
        },
        {
          "index_key": 1,
          "schema_version": 0,
          "attributes": {
            "availability_zone_id": "use1-az6",
            "availability_zone_name": "us-east-1b",
            "dns_name": "fs-1ba1cbee.efs.us-east-1.amazonaws.com",
            "file_system_arn": "arn:aws:elasticfilesystem:us-east-1:612350829261:file-system/fs-1ba1cbee",
            "file_system_id": "fs-1ba1cbee",
            "id": "fsmt-58268aad",
            "ip_address": "10.0.5.160",
            "mount_target_dns_name": "us-east-1b.fs-1ba1cbee.efs.us-east-1.amazonaws.com",
            "network_interface_id": "eni-0497afd4b5f528164",
            "owner_id": "612350829261",
            "security_groups": [
              "sg-08de806cb4423bee5"
            ],
            "subnet_id": "subnet-0a4f5268a75e578b9"
          },
          "private": "bnVsbA==",
          "dependencies": [
            "aws_efs_file_system.EFS",
            "aws_security_group.private_security_group",
            "aws_security_group.public_security_group",
            "aws_subnet.private_datasubnets",
            "aws_vpc.vpcmain"
          ]
        }
      ]
    },
    {
      "mode": "managed",
      "type": "aws_eip",
      "name": "vpc_eip",
      "each": "list",
      "provider": "provider.aws",
      "instances": [
        {
          "index_key": 0,
          "schema_version": 0,
          "attributes": {
            "allocation_id": null,
            "associate_with_private_ip": null,
            "association_id": "",
            "customer_owned_ip": "",
            "customer_owned_ipv4_pool": "",
            "domain": "vpc",
            "id": "eipalloc-0119cd5e01181c2fc",
            "instance": "",
            "network_border_group": "us-east-1",
            "network_interface": "",
            "private_dns": null,
            "private_ip": "",
            "public_dns": "ec2-54-158-56-242.compute-1.amazonaws.com",
            "public_ip": "54.158.56.242",
            "public_ipv4_pool": "amazon",
            "tags": {
              "Name": "my_nat_eip-1"
            },
            "timeouts": null,
            "vpc": true
          },
          "private": "eyJlMmJmYjczMC1lY2FhLTExZTYtOGY4OC0zNDM2M2JjN2M0YzAiOnsiZGVsZXRlIjoxODAwMDAwMDAwMDAsInJlYWQiOjkwMDAwMDAwMDAwMCwidXBkYXRlIjozMDAwMDAwMDAwMDB9fQ==",
          "dependencies": [
            "aws_internet_gateway.vpc_igw",
            "aws_vpc.vpcmain"
          ]
        },
        {
          "index_key": 1,
          "schema_version": 0,
          "attributes": {
            "allocation_id": null,
            "associate_with_private_ip": null,
            "association_id": "",
            "customer_owned_ip": "",
            "customer_owned_ipv4_pool": "",
            "domain": "vpc",
            "id": "eipalloc-085565abc966d2744",
            "instance": "",
            "network_border_group": "us-east-1",
            "network_interface": "",
            "private_dns": null,
            "private_ip": "",
            "public_dns": "ec2-184-73-105-0.compute-1.amazonaws.com",
            "public_ip": "184.73.105.0",
            "public_ipv4_pool": "amazon",
            "tags": {
              "Name": "my_nat_eip-2"
            },
            "timeouts": null,
            "vpc": true
          },
          "private": "eyJlMmJmYjczMC1lY2FhLTExZTYtOGY4OC0zNDM2M2JjN2M0YzAiOnsiZGVsZXRlIjoxODAwMDAwMDAwMDAsInJlYWQiOjkwMDAwMDAwMDAwMCwidXBkYXRlIjozMDAwMDAwMDAwMDB9fQ==",
          "dependencies": [
            "aws_internet_gateway.vpc_igw",
            "aws_vpc.vpcmain"
          ]
        }
      ]
    },
    {
      "mode": "managed",
      "type": "aws_elasticache_cluster",
      "name": "memcached",
      "provider": "provider.aws",
      "instances": [
        {
          "schema_version": 0,
          "attributes": {
            "apply_immediately": null,
            "arn": "arn:aws:elasticache:us-east-1:612350829261:cluster:elasticache",
            "availability_zone": "Multiple",
            "az_mode": "cross-az",
            "cache_nodes": [
              {
                "address": "elasticache.4izwxq.0001.use1.cache.amazonaws.com",
                "availability_zone": "us-east-1a",
                "id": "0001",
                "port": 11211
              },
              {
                "address": "elasticache.4izwxq.0002.use1.cache.amazonaws.com",
                "availability_zone": "us-east-1b",
                "id": "0002",
                "port": 11211
              }
            ],
            "cluster_address": "elasticache.4izwxq.cfg.use1.cache.amazonaws.com",
            "cluster_id": "elasticache",
            "configuration_endpoint": "elasticache.4izwxq.cfg.use1.cache.amazonaws.com:11211",
            "engine": "memcached",
            "engine_version": "1.6.6",
            "id": "elasticache",
            "maintenance_window": "tue:06:00-tue:07:00",
            "node_type": "cache.m4.large",
            "notification_topic_arn": null,
            "num_cache_nodes": 2,
            "parameter_group_name": "default.memcached1.6",
            "port": 11211,
            "preferred_availability_zones": [
              "us-east-1a",
              "us-east-1b"
            ],
            "replication_group_id": null,
            "security_group_ids": [
              "sg-08de806cb4423bee5"
            ],
            "security_group_names": [],
            "snapshot_arns": null,
            "snapshot_name": null,
            "snapshot_retention_limit": 0,
            "snapshot_window": "",
            "subnet_group_name": "memcachedgroup",
            "tags": null
          },
          "private": "bnVsbA==",
          "dependencies": [
            "aws_elasticache_subnet_group.memcachedgroup",
            "aws_security_group.private_security_group",
            "aws_security_group.public_security_group",
            "aws_subnet.private_datasubnets",
            "aws_vpc.vpcmain"
          ]
        }
      ]
    },
    {
      "mode": "managed",
      "type": "aws_elasticache_subnet_group",
      "name": "memcachedgroup",
      "provider": "provider.aws",
      "instances": [
        {
          "schema_version": 0,
          "attributes": {
            "description": "Managed by Terraform",
            "id": "memcachedgroup",
            "name": "memcachedgroup",
            "subnet_ids": [
              "subnet-08febc4aa19ddfc51",
              "subnet-0a4f5268a75e578b9"
            ]
          },
          "private": "bnVsbA==",
          "dependencies": [
            "aws_subnet.private_datasubnets",
            "aws_vpc.vpcmain"
          ]
        }
      ]
    },
    {
      "module": "module.db",
      "mode": "managed",
      "type": "aws_iam_role",
      "name": "rds_enhanced_monitoring",
      "each": "list",
      "provider": "provider.aws",
      "instances": []
    },
    {
      "module": "module.db",
      "mode": "managed",
      "type": "aws_iam_role_policy_attachment",
      "name": "rds_enhanced_monitoring",
      "each": "list",
      "provider": "provider.aws",
      "instances": []
    },
    {
      "mode": "managed",
      "type": "aws_instance",
      "name": "PrivateEC2",
      "each": "list",
      "provider": "provider.aws",
      "instances": [
        {
          "index_key": 0,
          "schema_version": 1,
          "attributes": {
            "ami": "ami-0947d2ba12ee1ff75",
            "arn": "arn:aws:ec2:us-east-1:612350829261:instance/i-096bd72b136589fe8",
            "associate_public_ip_address": true,
            "availability_zone": "us-east-1a",
            "cpu_core_count": 1,
            "cpu_threads_per_core": 1,
            "credit_specification": [
              {
                "cpu_credits": "standard"
              }
            ],
            "disable_api_termination": false,
            "ebs_block_device": [],
            "ebs_optimized": false,
            "ephemeral_block_device": [],
            "get_password_data": false,
            "hibernation": false,
            "host_id": null,
            "iam_instance_profile": "",
            "id": "i-096bd72b136589fe8",
            "instance_initiated_shutdown_behavior": null,
            "instance_state": "running",
            "instance_type": "t2.micro",
            "ipv6_address_count": 0,
            "ipv6_addresses": [],
            "key_name": "MyEC2KP_Priv(NEW)",
            "metadata_options": [
              {
                "http_endpoint": "enabled",
                "http_put_response_hop_limit": 1,
                "http_tokens": "optional"
              }
            ],
            "monitoring": false,
            "network_interface": [],
            "outpost_arn": "",
            "password_data": "",
            "placement_group": "",
            "primary_network_interface_id": "eni-0c21d6255be7ba156",
            "private_dns": "ip-10-0-2-16.ec2.internal",
            "private_ip": "10.0.2.16",
            "public_dns": "ec2-34-201-64-219.compute-1.amazonaws.com",
            "public_ip": "34.201.64.219",
            "root_block_device": [
              {
                "delete_on_termination": true,
                "device_name": "/dev/xvda",
                "encrypted": false,
                "iops": 100,
                "kms_key_id": "",
                "volume_id": "vol-00922c5ac4c68b782",
                "volume_size": 8,
                "volume_type": "gp2"
              }
            ],
            "secondary_private_ips": [],
            "security_groups": [],
            "source_dest_check": true,
            "subnet_id": "subnet-0ffeed2ecf0e3748d",
            "tags": {
              "Name": "App-Server-1"
            },
            "tenancy": "default",
            "timeouts": null,
            "user_data": "9ca3c31fec519166157fea1f5e7111f3e9496629",
            "user_data_base64": null,
            "volume_tags": {},
            "vpc_security_group_ids": [
              "sg-08de806cb4423bee5"
            ]
          },
          "private": "eyJlMmJmYjczMC1lY2FhLTExZTYtOGY4OC0zNDM2M2JjN2M0YzAiOnsiY3JlYXRlIjo2MDAwMDAwMDAwMDAsImRlbGV0ZSI6MTIwMDAwMDAwMDAwMCwidXBkYXRlIjo2MDAwMDAwMDAwMDB9LCJzY2hlbWFfdmVyc2lvbiI6IjEifQ==",
          "dependencies": [
            "aws_security_group.private_security_group",
            "aws_security_group.public_security_group",
            "aws_subnet.private_subnets",
            "aws_vpc.vpcmain"
          ]
        },
        {
          "index_key": 1,
          "schema_version": 1,
          "attributes": {
            "ami": "ami-0947d2ba12ee1ff75",
            "arn": "arn:aws:ec2:us-east-1:612350829261:instance/i-0d481455d173accb9",
            "associate_public_ip_address": true,
            "availability_zone": "us-east-1b",
            "cpu_core_count": 1,
            "cpu_threads_per_core": 1,
            "credit_specification": [
              {
                "cpu_credits": "standard"
              }
            ],
            "disable_api_termination": false,
            "ebs_block_device": [],
            "ebs_optimized": false,
            "ephemeral_block_device": [],
            "get_password_data": false,
            "hibernation": false,
            "host_id": null,
            "iam_instance_profile": "",
            "id": "i-0d481455d173accb9",
            "instance_initiated_shutdown_behavior": null,
            "instance_state": "running",
            "instance_type": "t2.micro",
            "ipv6_address_count": 0,
            "ipv6_addresses": [],
            "key_name": "MyEC2KP_Priv(NEW)",
            "metadata_options": [
              {
                "http_endpoint": "enabled",
                "http_put_response_hop_limit": 1,
                "http_tokens": "optional"
              }
            ],
            "monitoring": false,
            "network_interface": [],
            "outpost_arn": "",
            "password_data": "",
            "placement_group": "",
            "primary_network_interface_id": "eni-0618207059a19f879",
            "private_dns": "ip-10-0-3-71.ec2.internal",
            "private_ip": "10.0.3.71",
            "public_dns": "ec2-34-207-131-29.compute-1.amazonaws.com",
            "public_ip": "34.207.131.29",
            "root_block_device": [
              {
                "delete_on_termination": true,
                "device_name": "/dev/xvda",
                "encrypted": false,
                "iops": 100,
                "kms_key_id": "",
                "volume_id": "vol-01cc55175d72717b1",
                "volume_size": 8,
                "volume_type": "gp2"
              }
            ],
            "secondary_private_ips": [],
            "security_groups": [],
            "source_dest_check": true,
            "subnet_id": "subnet-0d7ed62df8a6a0c6a",
            "tags": {
              "Name": "App-Server-2"
            },
            "tenancy": "default",
            "timeouts": null,
            "user_data": "9ca3c31fec519166157fea1f5e7111f3e9496629",
            "user_data_base64": null,
            "volume_tags": {},
            "vpc_security_group_ids": [
              "sg-08de806cb4423bee5"
            ]
          },
          "private": "eyJlMmJmYjczMC1lY2FhLTExZTYtOGY4OC0zNDM2M2JjN2M0YzAiOnsiY3JlYXRlIjo2MDAwMDAwMDAwMDAsImRlbGV0ZSI6MTIwMDAwMDAwMDAwMCwidXBkYXRlIjo2MDAwMDAwMDAwMDB9LCJzY2hlbWFfdmVyc2lvbiI6IjEifQ==",
          "dependencies": [
            "aws_security_group.private_security_group",
            "aws_security_group.public_security_group",
            "aws_subnet.private_subnets",
            "aws_vpc.vpcmain"
          ]
        }
      ]
    },
    {
      "mode": "managed",
      "type": "aws_instance",
      "name": "PublicEC2",
      "each": "list",
      "provider": "provider.aws",
      "instances": [
        {
          "index_key": 0,
          "schema_version": 1,
          "attributes": {
            "ami": "ami-0947d2ba12ee1ff75",
            "arn": "arn:aws:ec2:us-east-1:612350829261:instance/i-0493eb56c273963e1",
            "associate_public_ip_address": true,
            "availability_zone": "us-east-1a",
            "cpu_core_count": 1,
            "cpu_threads_per_core": 1,
            "credit_specification": [
              {
                "cpu_credits": "standard"
              }
            ],
            "disable_api_termination": false,
            "ebs_block_device": [],
            "ebs_optimized": false,
            "ephemeral_block_device": [],
            "get_password_data": false,
            "hibernation": false,
            "host_id": null,
            "iam_instance_profile": "",
            "id": "i-0493eb56c273963e1",
            "instance_initiated_shutdown_behavior": null,
            "instance_state": "running",
            "instance_type": "t2.micro",
            "ipv6_address_count": 0,
            "ipv6_addresses": [],
            "key_name": "stackkp",
            "metadata_options": [
              {
                "http_endpoint": "enabled",
                "http_put_response_hop_limit": 1,
                "http_tokens": "optional"
              }
            ],
            "monitoring": false,
            "network_interface": [],
            "outpost_arn": "",
            "password_data": "",
            "placement_group": "",
            "primary_network_interface_id": "eni-0767218a7d4f36811",
            "private_dns": "ip-10-0-0-106.ec2.internal",
            "private_ip": "10.0.0.106",
            "public_dns": "ec2-34-228-66-230.compute-1.amazonaws.com",
            "public_ip": "34.228.66.230",
            "root_block_device": [
              {
                "delete_on_termination": true,
                "device_name": "/dev/xvda",
                "encrypted": false,
                "iops": 100,
                "kms_key_id": "",
                "volume_id": "vol-038adfaa388a4d878",
                "volume_size": 8,
                "volume_type": "gp2"
              }
            ],
            "secondary_private_ips": [],
            "security_groups": [],
            "source_dest_check": true,
            "subnet_id": "subnet-0f714bb3e3ddee3fa",
            "tags": {
              "Name": "Bastion-1"
            },
            "tenancy": "default",
            "timeouts": null,
            "user_data": "c597974ab7b322ef8db9e70864a0e427b6b32cb3",
            "user_data_base64": null,
            "volume_tags": {},
            "vpc_security_group_ids": [
              "sg-0162b402cf8692383"
            ]
          },
          "private": "eyJlMmJmYjczMC1lY2FhLTExZTYtOGY4OC0zNDM2M2JjN2M0YzAiOnsiY3JlYXRlIjo2MDAwMDAwMDAwMDAsImRlbGV0ZSI6MTIwMDAwMDAwMDAwMCwidXBkYXRlIjo2MDAwMDAwMDAwMDB9LCJzY2hlbWFfdmVyc2lvbiI6IjEifQ==",
          "dependencies": [
            "aws_security_group.public_security_group",
            "aws_subnet.public_subnets",
            "aws_vpc.vpcmain"
          ]
        },
        {
          "index_key": 1,
          "schema_version": 1,
          "attributes": {
            "ami": "ami-0947d2ba12ee1ff75",
            "arn": "arn:aws:ec2:us-east-1:612350829261:instance/i-01136a1df8ad53d6c",
            "associate_public_ip_address": true,
            "availability_zone": "us-east-1b",
            "cpu_core_count": 1,
            "cpu_threads_per_core": 1,
            "credit_specification": [
              {
                "cpu_credits": "standard"
              }
            ],
            "disable_api_termination": false,
            "ebs_block_device": [],
            "ebs_optimized": false,
            "ephemeral_block_device": [],
            "get_password_data": false,
            "hibernation": false,
            "host_id": null,
            "iam_instance_profile": "",
            "id": "i-01136a1df8ad53d6c",
            "instance_initiated_shutdown_behavior": null,
            "instance_state": "running",
            "instance_type": "t2.micro",
            "ipv6_address_count": 0,
            "ipv6_addresses": [],
            "key_name": "stackkp",
            "metadata_options": [
              {
                "http_endpoint": "enabled",
                "http_put_response_hop_limit": 1,
                "http_tokens": "optional"
              }
            ],
            "monitoring": false,
            "network_interface": [],
            "outpost_arn": "",
            "password_data": "",
            "placement_group": "",
            "primary_network_interface_id": "eni-08b5d1663c60d8ac0",
            "private_dns": "ip-10-0-1-18.ec2.internal",
            "private_ip": "10.0.1.18",
            "public_dns": "ec2-204-236-222-212.compute-1.amazonaws.com",
            "public_ip": "204.236.222.212",
            "root_block_device": [
              {
                "delete_on_termination": true,
                "device_name": "/dev/xvda",
                "encrypted": false,
                "iops": 100,
                "kms_key_id": "",
                "volume_id": "vol-092058a2b8b533dca",
                "volume_size": 8,
                "volume_type": "gp2"
              }
            ],
            "secondary_private_ips": [],
            "security_groups": [],
            "source_dest_check": true,
            "subnet_id": "subnet-0a6b0a4c5bc3a1e31",
            "tags": {
              "Name": "Bastion-2"
            },
            "tenancy": "default",
            "timeouts": null,
            "user_data": "c597974ab7b322ef8db9e70864a0e427b6b32cb3",
            "user_data_base64": null,
            "volume_tags": {},
            "vpc_security_group_ids": [
              "sg-0162b402cf8692383"
            ]
          },
          "private": "eyJlMmJmYjczMC1lY2FhLTExZTYtOGY4OC0zNDM2M2JjN2M0YzAiOnsiY3JlYXRlIjo2MDAwMDAwMDAwMDAsImRlbGV0ZSI6MTIwMDAwMDAwMDAwMCwidXBkYXRlIjo2MDAwMDAwMDAwMDB9LCJzY2hlbWFfdmVyc2lvbiI6IjEifQ==",
          "dependencies": [
            "aws_security_group.public_security_group",
            "aws_subnet.public_subnets",
            "aws_vpc.vpcmain"
          ]
        }
      ]
    },
    {
      "mode": "managed",
      "type": "aws_internet_gateway",
      "name": "vpc_igw",
      "provider": "provider.aws",
      "instances": [
        {
          "schema_version": 0,
          "attributes": {
            "arn": "arn:aws:ec2:us-east-1:612350829261:internet-gateway/igw-0df4917572ed851c0",
            "id": "igw-0df4917572ed851c0",
            "owner_id": "612350829261",
            "tags": {
              "Name": "vpc_igw"
            },
            "vpc_id": "vpc-0cb09f595170f8e93"
          },
          "private": "bnVsbA==",
          "dependencies": [
            "aws_vpc.vpcmain"
          ]
        }
      ]
    },
    {
      "mode": "managed",
      "type": "aws_launch_configuration",
      "name": "asg_launch_priv",
      "provider": "provider.aws",
      "instances": [
        {
          "schema_version": 0,
          "attributes": {
            "arn": "arn:aws:autoscaling:us-east-1:612350829261:launchConfiguration:fe6f5062-94f4-4842-bebe-1ef36013958a:launchConfigurationName/Priv_ASG_Launch_Config",
            "associate_public_ip_address": true,
            "ebs_block_device": [],
            "ebs_optimized": false,
            "enable_monitoring": true,
            "ephemeral_block_device": [],
            "iam_instance_profile": "",
            "id": "Priv_ASG_Launch_Config",
            "image_id": "ami-0947d2ba12ee1ff75",
            "instance_type": "t2.micro",
            "key_name": "MyEC2KP_Priv(NEW)",
            "name": "Priv_ASG_Launch_Config",
            "name_prefix": null,
            "placement_tenancy": null,
            "root_block_device": [],
            "security_groups": [
              "sg-08de806cb4423bee5"
            ],
            "spot_price": "",
            "user_data": "eaa839ff2e7b2592c7a6e51b36b9c8ebee5cb943",
            "user_data_base64": null,
            "vpc_classic_link_id": "",
            "vpc_classic_link_security_groups": null
          },
          "private": "bnVsbA==",
          "dependencies": [
            "aws_security_group.private_security_group",
            "aws_security_group.public_security_group",
            "aws_vpc.vpcmain"
          ]
        }
      ]
    },
    {
      "mode": "managed",
      "type": "aws_launch_configuration",
      "name": "asg_launch_pub",
      "provider": "provider.aws",
      "instances": [
        {
          "schema_version": 0,
          "attributes": {
            "arn": "arn:aws:autoscaling:us-east-1:612350829261:launchConfiguration:20d06ba3-73b7-4a6e-896f-70bff823d785:launchConfigurationName/Pub_ASG_Launch_Config",
            "associate_public_ip_address": true,
            "ebs_block_device": [],
            "ebs_optimized": false,
            "enable_monitoring": true,
            "ephemeral_block_device": [],
            "iam_instance_profile": "",
            "id": "Pub_ASG_Launch_Config",
            "image_id": "ami-0947d2ba12ee1ff75",
            "instance_type": "t2.micro",
            "key_name": "stackkp",
            "name": "Pub_ASG_Launch_Config",
            "name_prefix": null,
            "placement_tenancy": null,
            "root_block_device": [],
            "security_groups": [
              "sg-0162b402cf8692383"
            ],
            "spot_price": "",
            "user_data": "c7e2a5513fc698b43f7a5c96ba94db159485e84e",
            "user_data_base64": null,
            "vpc_classic_link_id": "",
            "vpc_classic_link_security_groups": null
          },
          "private": "bnVsbA==",
          "dependencies": [
            "aws_security_group.public_security_group",
            "aws_vpc.vpcmain"
          ]
        }
      ]
    },
    {
      "mode": "managed",
      "type": "aws_nat_gateway",
      "name": "vpc_ngw",
      "each": "list",
      "provider": "provider.aws",
      "instances": [
        {
          "index_key": 0,
          "schema_version": 0,
          "attributes": {
            "allocation_id": "eipalloc-0119cd5e01181c2fc",
            "id": "nat-0d7440c991234e874",
            "network_interface_id": "eni-07cff9b3933a8acd6",
            "private_ip": "10.0.0.20",
            "public_ip": "54.158.56.242",
            "subnet_id": "subnet-0f714bb3e3ddee3fa",
            "tags": {
              "Name": "nat_gateway-1"
            }
          },
          "private": "bnVsbA==",
          "dependencies": [
            "aws_eip.vpc_eip",
            "aws_internet_gateway.vpc_igw",
            "aws_subnet.public_subnets",
            "aws_vpc.vpcmain"
          ]
        },
        {
          "index_key": 1,
          "schema_version": 0,
          "attributes": {
            "allocation_id": "eipalloc-085565abc966d2744",
            "id": "nat-081e3711e9cd40708",
            "network_interface_id": "eni-099530f7395c782d0",
            "private_ip": "10.0.1.75",
            "public_ip": "184.73.105.0",
            "subnet_id": "subnet-0a6b0a4c5bc3a1e31",
            "tags": {
              "Name": "nat_gateway-2"
            }
          },
          "private": "bnVsbA==",
          "dependencies": [
            "aws_eip.vpc_eip",
            "aws_internet_gateway.vpc_igw",
            "aws_subnet.public_subnets",
            "aws_vpc.vpcmain"
          ]
        }
      ]
    },
    {
      "mode": "managed",
      "type": "aws_rds_cluster",
      "name": "db_cluster",
      "provider": "provider.aws",
      "instances": [
        {
          "schema_version": 0,
          "attributes": {
            "allow_major_version_upgrade": null,
            "apply_immediately": null,
            "arn": "arn:aws:rds:us-east-1:612350829261:cluster:rdscluster",
            "availability_zones": [
              "us-east-1a",
              "us-east-1b"
            ],
            "backtrack_window": 0,
            "backup_retention_period": 1,
            "cluster_identifier": "rdscluster",
            "cluster_identifier_prefix": null,
            "cluster_members": [],
            "cluster_resource_id": "cluster-IM7PHVHXXCHZQDQ5XV7J655BZE",
            "copy_tags_to_snapshot": false,
            "database_name": "mydb",
            "db_cluster_parameter_group_name": "default.aurora-mysql5.7",
            "db_subnet_group_name": "default",
            "deletion_protection": false,
            "enable_http_endpoint": false,
            "enabled_cloudwatch_logs_exports": null,
            "endpoint": "rdscluster.cluster-clnwns002jkx.us-east-1.rds.amazonaws.com",
            "engine": "aurora-mysql",
            "engine_mode": "provisioned",
            "engine_version": "5.7.mysql_aurora.2.07.2",
            "final_snapshot_identifier": null,
            "global_cluster_identifier": "",
            "hosted_zone_id": "Z2R2ITUGPM61AM",
            "iam_database_authentication_enabled": false,
            "iam_roles": null,
            "id": "rdscluster",
            "kms_key_id": "",
            "master_password": "password",
            "master_username": "wordpressuser",
            "port": 3306,
            "preferred_backup_window": "06:16-06:46",
            "preferred_maintenance_window": "fri:04:29-fri:04:59",
            "reader_endpoint": "rdscluster.cluster-ro-clnwns002jkx.us-east-1.rds.amazonaws.com",
            "replication_source_identifier": "",
            "restore_to_point_in_time": [],
            "s3_import": [],
            "scaling_configuration": [],
            "skip_final_snapshot": true,
            "snapshot_identifier": null,
            "source_region": null,
            "storage_encrypted": false,
            "tags": null,
            "timeouts": null,
            "vpc_security_group_ids": [
              "sg-31058b12"
            ]
          },
          "private": "eyJlMmJmYjczMC1lY2FhLTExZTYtOGY4OC0zNDM2M2JjN2M0YzAiOnsiY3JlYXRlIjo3MjAwMDAwMDAwMDAwLCJkZWxldGUiOjcyMDAwMDAwMDAwMDAsInVwZGF0ZSI6NzIwMDAwMDAwMDAwMH19"
        }
      ]
    },
    {
      "module": "module.db",
      "mode": "managed",
      "type": "aws_rds_cluster",
      "name": "this",
      "each": "list",
      "provider": "provider.aws",
      "instances": []
    },
    {
      "module": "module.db",
      "mode": "managed",
      "type": "aws_rds_cluster_instance",
      "name": "this",
      "each": "list",
      "provider": "provider.aws",
      "instances": []
    },
    {
      "mode": "managed",
      "type": "aws_route53_health_check",
      "name": "health_check",
      "provider": "provider.aws",
      "instances": [
        {
          "schema_version": 0,
          "attributes": {
            "child_health_threshold": 0,
            "child_healthchecks": null,
            "cloudwatch_alarm_name": null,
            "cloudwatch_alarm_region": null,
            "disabled": false,
            "enable_sni": false,
            "failure_threshold": 5,
            "fqdn": "www.stack-kimberly.com",
            "id": "c3dfac83-42fc-4b13-909d-2d76338f0b31",
            "insufficient_data_health_status": "",
            "invert_healthcheck": false,
            "ip_address": "",
            "measure_latency": false,
            "port": 80,
            "reference_name": null,
            "regions": null,
            "request_interval": 30,
            "resource_path": "/",
            "search_string": "",
            "tags": {
              "Name": "tf-test-health-check"
            },
            "type": "HTTP"
          },
          "private": "bnVsbA=="
        }
      ]
    },
    {
      "mode": "managed",
      "type": "aws_route53_zone",
      "name": "route53",
      "provider": "provider.aws",
      "instances": [
        {
          "schema_version": 0,
          "attributes": {
            "comment": "Managed by Terraform",
            "delegation_set_id": "",
            "force_destroy": false,
            "id": "Z05825732WPGHOQIVKIIK",
            "name": "stack-kimberly.com",
            "name_servers": [
              "ns-1364.awsdns-42.org",
              "ns-1997.awsdns-57.co.uk",
              "ns-376.awsdns-47.com",
              "ns-810.awsdns-37.net"
            ],
            "tags": null,
            "vpc": [],
            "zone_id": "Z05825732WPGHOQIVKIIK"
          },
          "private": "bnVsbA=="
        }
      ]
    },
    {
      "mode": "managed",
      "type": "aws_route_table",
      "name": "private_route_table",
      "each": "list",
      "provider": "provider.aws",
      "instances": [
        {
          "index_key": 0,
          "schema_version": 0,
          "attributes": {
            "id": "rtb-05f6e1a500f2e07ec",
            "owner_id": "612350829261",
            "propagating_vgws": [],
            "route": [
              {
                "cidr_block": "0.0.0.0/0",
                "egress_only_gateway_id": "",
                "gateway_id": "nat-0d7440c991234e874",
                "instance_id": "",
                "ipv6_cidr_block": "",
                "local_gateway_id": "",
                "nat_gateway_id": "",
                "network_interface_id": "",
                "transit_gateway_id": "",
                "vpc_endpoint_id": "",
                "vpc_peering_connection_id": ""
              }
            ],
            "tags": {
              "Name": "private_rt-1"
            },
            "vpc_id": "vpc-0cb09f595170f8e93"
          },
          "private": "bnVsbA==",
          "dependencies": [
            "aws_eip.vpc_eip",
            "aws_internet_gateway.vpc_igw",
            "aws_nat_gateway.vpc_ngw",
            "aws_subnet.public_subnets",
            "aws_vpc.vpcmain"
          ]
        },
        {
          "index_key": 1,
          "schema_version": 0,
          "attributes": {
            "id": "rtb-053349dcc2858825a",
            "owner_id": "612350829261",
            "propagating_vgws": [],
            "route": [
              {
                "cidr_block": "0.0.0.0/0",
                "egress_only_gateway_id": "",
                "gateway_id": "nat-081e3711e9cd40708",
                "instance_id": "",
                "ipv6_cidr_block": "",
                "local_gateway_id": "",
                "nat_gateway_id": "",
                "network_interface_id": "",
                "transit_gateway_id": "",
                "vpc_endpoint_id": "",
                "vpc_peering_connection_id": ""
              }
            ],
            "tags": {
              "Name": "private_rt-2"
            },
            "vpc_id": "vpc-0cb09f595170f8e93"
          },
          "private": "bnVsbA==",
          "dependencies": [
            "aws_eip.vpc_eip",
            "aws_internet_gateway.vpc_igw",
            "aws_nat_gateway.vpc_ngw",
            "aws_subnet.public_subnets",
            "aws_vpc.vpcmain"
          ]
        }
      ]
    },
    {
      "mode": "managed",
      "type": "aws_route_table",
      "name": "public_route_table",
      "provider": "provider.aws",
      "instances": [
        {
          "schema_version": 0,
          "attributes": {
            "id": "rtb-0b90be18c6209f04f",
            "owner_id": "612350829261",
            "propagating_vgws": [],
            "route": [
              {
                "cidr_block": "0.0.0.0/0",
                "egress_only_gateway_id": "",
                "gateway_id": "igw-0df4917572ed851c0",
                "instance_id": "",
                "ipv6_cidr_block": "",
                "local_gateway_id": "",
                "nat_gateway_id": "",
                "network_interface_id": "",
                "transit_gateway_id": "",
                "vpc_endpoint_id": "",
                "vpc_peering_connection_id": ""
              }
            ],
            "tags": {
              "Name": "public_route_table"
            },
            "vpc_id": "vpc-0cb09f595170f8e93"
          },
          "private": "bnVsbA==",
          "dependencies": [
            "aws_internet_gateway.vpc_igw",
            "aws_vpc.vpcmain"
          ]
        }
      ]
    },
    {
      "mode": "managed",
      "type": "aws_route_table_association",
      "name": "private_association",
      "each": "list",
      "provider": "provider.aws",
      "instances": [
        {
          "index_key": 0,
          "schema_version": 0,
          "attributes": {
            "gateway_id": null,
            "id": "rtbassoc-0714597a378cd8899",
            "route_table_id": "rtb-05f6e1a500f2e07ec",
            "subnet_id": "subnet-0ffeed2ecf0e3748d"
          },
          "private": "bnVsbA==",
          "dependencies": [
            "aws_eip.vpc_eip",
            "aws_internet_gateway.vpc_igw",
            "aws_nat_gateway.vpc_ngw",
            "aws_route_table.private_route_table",
            "aws_route_table.public_route_table",
            "aws_subnet.private_subnets",
            "aws_subnet.public_subnets",
            "aws_vpc.vpcmain"
          ]
        },
        {
          "index_key": 1,
          "schema_version": 0,
          "attributes": {
            "gateway_id": null,
            "id": "rtbassoc-0959e7bc9eb711d99",
            "route_table_id": "rtb-053349dcc2858825a",
            "subnet_id": "subnet-0d7ed62df8a6a0c6a"
          },
          "private": "bnVsbA==",
          "dependencies": [
            "aws_eip.vpc_eip",
            "aws_internet_gateway.vpc_igw",
            "aws_nat_gateway.vpc_ngw",
            "aws_route_table.private_route_table",
            "aws_route_table.public_route_table",
            "aws_subnet.private_subnets",
            "aws_subnet.public_subnets",
            "aws_vpc.vpcmain"
          ]
        }
      ]
    },
    {
      "mode": "managed",
      "type": "aws_route_table_association",
      "name": "private_association1",
      "each": "list",
      "provider": "provider.aws",
      "instances": [
        {
          "index_key": 0,
          "schema_version": 0,
          "attributes": {
            "gateway_id": null,
            "id": "rtbassoc-0776d125836fdc236",
            "route_table_id": "rtb-05f6e1a500f2e07ec",
            "subnet_id": "subnet-08febc4aa19ddfc51"
          },
          "private": "bnVsbA==",
          "dependencies": [
            "aws_eip.vpc_eip",
            "aws_internet_gateway.vpc_igw",
            "aws_nat_gateway.vpc_ngw",
            "aws_route_table.private_route_table",
            "aws_route_table.public_route_table",
            "aws_subnet.private_datasubnets",
            "aws_subnet.public_subnets",
            "aws_vpc.vpcmain"
          ]
        },
        {
          "index_key": 1,
          "schema_version": 0,
          "attributes": {
            "gateway_id": null,
            "id": "rtbassoc-08f99e2cf6642598f",
            "route_table_id": "rtb-053349dcc2858825a",
            "subnet_id": "subnet-0a4f5268a75e578b9"
          },
          "private": "bnVsbA==",
          "dependencies": [
            "aws_eip.vpc_eip",
            "aws_internet_gateway.vpc_igw",
            "aws_nat_gateway.vpc_ngw",
            "aws_route_table.private_route_table",
            "aws_route_table.public_route_table",
            "aws_subnet.private_datasubnets",
            "aws_subnet.public_subnets",
            "aws_vpc.vpcmain"
          ]
        }
      ]
    },
    {
      "mode": "managed",
      "type": "aws_route_table_association",
      "name": "public_association",
      "each": "list",
      "provider": "provider.aws",
      "instances": [
        {
          "index_key": 0,
          "schema_version": 0,
          "attributes": {
            "gateway_id": null,
            "id": "rtbassoc-0688563c7eece22bd",
            "route_table_id": "rtb-0b90be18c6209f04f",
            "subnet_id": "subnet-0f714bb3e3ddee3fa"
          },
          "private": "bnVsbA==",
          "dependencies": [
            "aws_internet_gateway.vpc_igw",
            "aws_route_table.public_route_table",
            "aws_subnet.public_subnets",
            "aws_vpc.vpcmain"
          ]
        },
        {
          "index_key": 1,
          "schema_version": 0,
          "attributes": {
            "gateway_id": null,
            "id": "rtbassoc-0183c5fe352d3c59e",
            "route_table_id": "rtb-0b90be18c6209f04f",
            "subnet_id": "subnet-0a6b0a4c5bc3a1e31"
          },
          "private": "bnVsbA==",
          "dependencies": [
            "aws_internet_gateway.vpc_igw",
            "aws_route_table.public_route_table",
            "aws_subnet.public_subnets",
            "aws_vpc.vpcmain"
          ]
        }
      ]
    },
    {
      "mode": "managed",
      "type": "aws_s3_bucket",
      "name": "S3_Bucket",
      "provider": "provider.aws",
      "instances": [
        {
          "schema_version": 0,
          "attributes": {
            "acceleration_status": "",
            "acl": "public-read",
            "arn": "arn:aws:s3:::final-exam-bucket-kim",
            "bucket": "final-exam-bucket-kim",
            "bucket_domain_name": "final-exam-bucket-kim.s3.amazonaws.com",
            "bucket_prefix": null,
            "bucket_regional_domain_name": "final-exam-bucket-kim.s3.amazonaws.com",
            "cors_rule": [],
            "force_destroy": false,
            "grant": [],
            "hosted_zone_id": "Z3AQBSTGFYJSTF",
            "id": "final-exam-bucket-kim",
            "lifecycle_rule": [],
            "logging": [],
            "object_lock_configuration": [],
            "policy": null,
            "region": "us-east-1",
            "replication_configuration": [],
            "request_payer": "BucketOwner",
            "server_side_encryption_configuration": [],
            "tags": {
              "Name": "final-exam-bucket-kim"
            },
            "versioning": [
              {
                "enabled": false,
                "mfa_delete": false
              }
            ],
            "website": [
              {
                "error_document": "error.html",
                "index_document": "index.html",
                "redirect_all_requests_to": "",
                "routing_rules": "[{\"Condition\":{\"KeyPrefixEquals\":\"docs/\"},\"Redirect\":{\"ReplaceKeyPrefixWith\":\"documents/\"}}]"
              }
            ],
            "website_domain": "s3-website-us-east-1.amazonaws.com",
            "website_endpoint": "final-exam-bucket-kim.s3-website-us-east-1.amazonaws.com"
          },
          "private": "bnVsbA=="
        }
      ]
    },
    {
      "mode": "managed",
      "type": "aws_security_group",
      "name": "lb_security_group",
      "provider": "provider.aws",
      "instances": [
        {
          "schema_version": 1,
          "attributes": {
            "arn": "arn:aws:ec2:us-east-1:612350829261:security-group/sg-0e3a914882008f2e4",
            "description": "Internet reaching access for public ec2s",
            "egress": [
              {
                "cidr_blocks": [
                  "0.0.0.0/0"
                ],
                "description": "",
                "from_port": 0,
                "ipv6_cidr_blocks": [],
                "prefix_list_ids": [],
                "protocol": "-1",
                "security_groups": [],
                "self": false,
                "to_port": 0
              }
            ],
            "id": "sg-0e3a914882008f2e4",
            "ingress": [
              {
                "cidr_blocks": [
                  "0.0.0.0/0"
                ],
                "description": "",
                "from_port": 80,
                "ipv6_cidr_blocks": [],
                "prefix_list_ids": [],
                "protocol": "tcp",
                "security_groups": [],
                "self": false,
                "to_port": 80
              }
            ],
            "name": "lb-security",
            "name_prefix": "",
            "owner_id": "612350829261",
            "revoke_rules_on_delete": false,
            "tags": {
              "Name": "lb_public_security"
            },
            "timeouts": null,
            "vpc_id": "vpc-0cb09f595170f8e93"
          },
          "private": "eyJlMmJmYjczMC1lY2FhLTExZTYtOGY4OC0zNDM2M2JjN2M0YzAiOnsiY3JlYXRlIjo2MDAwMDAwMDAwMDAsImRlbGV0ZSI6NjAwMDAwMDAwMDAwfSwic2NoZW1hX3ZlcnNpb24iOiIxIn0=",
          "dependencies": [
            "aws_vpc.vpcmain"
          ]
        }
      ]
    },
    {
      "mode": "managed",
      "type": "aws_security_group",
      "name": "private_security_group",
      "provider": "provider.aws",
      "instances": [
        {
          "schema_version": 1,
          "attributes": {
            "arn": "arn:aws:ec2:us-east-1:612350829261:security-group/sg-08de806cb4423bee5",
            "description": "private security group",
            "egress": [
              {
                "cidr_blocks": [
                  "0.0.0.0/0"
                ],
                "description": "",
                "from_port": 0,
                "ipv6_cidr_blocks": [],
                "prefix_list_ids": [],
                "protocol": "-1",
                "security_groups": [],
                "self": false,
                "to_port": 0
              }
            ],
            "id": "sg-08de806cb4423bee5",
            "ingress": [
              {
                "cidr_blocks": [],
                "description": "",
                "from_port": 0,
                "ipv6_cidr_blocks": [],
                "prefix_list_ids": [],
                "protocol": "-1",
                "security_groups": [
                  "sg-0162b402cf8692383"
                ],
                "self": false,
                "to_port": 0
              }
            ],
            "name": "private-sg",
            "name_prefix": "",
            "owner_id": "612350829261",
            "revoke_rules_on_delete": false,
            "tags": {
              "Name": "private_security_group"
            },
            "timeouts": null,
            "vpc_id": "vpc-0cb09f595170f8e93"
          },
          "private": "eyJlMmJmYjczMC1lY2FhLTExZTYtOGY4OC0zNDM2M2JjN2M0YzAiOnsiY3JlYXRlIjo2MDAwMDAwMDAwMDAsImRlbGV0ZSI6NjAwMDAwMDAwMDAwfSwic2NoZW1hX3ZlcnNpb24iOiIxIn0=",
          "dependencies": [
            "aws_security_group.public_security_group",
            "aws_vpc.vpcmain"
          ]
        }
      ]
    },
    {
      "mode": "managed",
      "type": "aws_security_group",
      "name": "public_security_group",
      "provider": "provider.aws",
      "instances": [
        {
          "schema_version": 1,
          "attributes": {
            "arn": "arn:aws:ec2:us-east-1:612350829261:security-group/sg-0162b402cf8692383",
            "description": "public security",
            "egress": [
              {
                "cidr_blocks": [
                  "0.0.0.0/0"
                ],
                "description": "",
                "from_port": 0,
                "ipv6_cidr_blocks": [],
                "prefix_list_ids": [],
                "protocol": "-1",
                "security_groups": [],
                "self": false,
                "to_port": 0
              }
            ],
            "id": "sg-0162b402cf8692383",
            "ingress": [
              {
                "cidr_blocks": [
                  "0.0.0.0/0"
                ],
                "description": "",
                "from_port": 0,
                "ipv6_cidr_blocks": [],
                "prefix_list_ids": [],
                "protocol": "-1",
                "security_groups": [],
                "self": false,
                "to_port": 0
              }
            ],
            "name": "public-sg",
            "name_prefix": "",
            "owner_id": "612350829261",
            "revoke_rules_on_delete": false,
            "tags": {
              "Name": "public_security_group"
            },
            "timeouts": null,
            "vpc_id": "vpc-0cb09f595170f8e93"
          },
          "private": "eyJlMmJmYjczMC1lY2FhLTExZTYtOGY4OC0zNDM2M2JjN2M0YzAiOnsiY3JlYXRlIjo2MDAwMDAwMDAwMDAsImRlbGV0ZSI6NjAwMDAwMDAwMDAwfSwic2NoZW1hX3ZlcnNpb24iOiIxIn0=",
          "dependencies": [
            "aws_vpc.vpcmain"
          ]
        }
      ]
    },
    {
      "module": "module.db",
      "mode": "managed",
      "type": "aws_security_group",
      "name": "this",
      "each": "list",
      "provider": "provider.aws",
      "instances": []
    },
    {
      "module": "module.db",
      "mode": "managed",
      "type": "aws_security_group_rule",
      "name": "cidr_ingress",
      "each": "list",
      "provider": "provider.aws",
      "instances": []
    },
    {
      "module": "module.db",
      "mode": "managed",
      "type": "aws_security_group_rule",
      "name": "default_ingress",
      "each": "list",
      "provider": "provider.aws",
      "instances": []
    },
    {
      "mode": "managed",
      "type": "aws_subnet",
      "name": "private_datasubnets",
      "each": "list",
      "provider": "provider.aws",
      "instances": [
        {
          "index_key": 0,
          "schema_version": 1,
          "attributes": {
            "arn": "arn:aws:ec2:us-east-1:612350829261:subnet/subnet-08febc4aa19ddfc51",
            "assign_ipv6_address_on_creation": false,
            "availability_zone": "us-east-1a",
            "availability_zone_id": "use1-az4",
            "cidr_block": "10.0.4.0/24",
            "id": "subnet-08febc4aa19ddfc51",
            "ipv6_cidr_block": "",
            "ipv6_cidr_block_association_id": "",
            "map_public_ip_on_launch": true,
            "outpost_arn": "",
            "owner_id": "612350829261",
            "tags": {
              "Name": "private_datasubnet_1a"
            },
            "timeouts": null,
            "vpc_id": "vpc-0cb09f595170f8e93"
          },
          "private": "eyJlMmJmYjczMC1lY2FhLTExZTYtOGY4OC0zNDM2M2JjN2M0YzAiOnsiY3JlYXRlIjo2MDAwMDAwMDAwMDAsImRlbGV0ZSI6MTIwMDAwMDAwMDAwMH0sInNjaGVtYV92ZXJzaW9uIjoiMSJ9",
          "dependencies": [
            "aws_vpc.vpcmain"
          ]
        },
        {
          "index_key": 1,
          "schema_version": 1,
          "attributes": {
            "arn": "arn:aws:ec2:us-east-1:612350829261:subnet/subnet-0a4f5268a75e578b9",
            "assign_ipv6_address_on_creation": false,
            "availability_zone": "us-east-1b",
            "availability_zone_id": "use1-az6",
            "cidr_block": "10.0.5.0/24",
            "id": "subnet-0a4f5268a75e578b9",
            "ipv6_cidr_block": "",
            "ipv6_cidr_block_association_id": "",
            "map_public_ip_on_launch": true,
            "outpost_arn": "",
            "owner_id": "612350829261",
            "tags": {
              "Name": "private _datasubnet_1b"
            },
            "timeouts": null,
            "vpc_id": "vpc-0cb09f595170f8e93"
          },
          "private": "eyJlMmJmYjczMC1lY2FhLTExZTYtOGY4OC0zNDM2M2JjN2M0YzAiOnsiY3JlYXRlIjo2MDAwMDAwMDAwMDAsImRlbGV0ZSI6MTIwMDAwMDAwMDAwMH0sInNjaGVtYV92ZXJzaW9uIjoiMSJ9",
          "dependencies": [
            "aws_vpc.vpcmain"
          ]
        }
      ]
    },
    {
      "mode": "managed",
      "type": "aws_subnet",
      "name": "private_subnets",
      "each": "list",
      "provider": "provider.aws",
      "instances": [
        {
          "index_key": 0,
          "schema_version": 1,
          "attributes": {
            "arn": "arn:aws:ec2:us-east-1:612350829261:subnet/subnet-0ffeed2ecf0e3748d",
            "assign_ipv6_address_on_creation": false,
            "availability_zone": "us-east-1a",
            "availability_zone_id": "use1-az4",
            "cidr_block": "10.0.2.0/24",
            "id": "subnet-0ffeed2ecf0e3748d",
            "ipv6_cidr_block": "",
            "ipv6_cidr_block_association_id": "",
            "map_public_ip_on_launch": true,
            "outpost_arn": "",
            "owner_id": "612350829261",
            "tags": {
              "Name": "private_subnet_1a"
            },
            "timeouts": null,
            "vpc_id": "vpc-0cb09f595170f8e93"
          },
          "private": "eyJlMmJmYjczMC1lY2FhLTExZTYtOGY4OC0zNDM2M2JjN2M0YzAiOnsiY3JlYXRlIjo2MDAwMDAwMDAwMDAsImRlbGV0ZSI6MTIwMDAwMDAwMDAwMH0sInNjaGVtYV92ZXJzaW9uIjoiMSJ9",
          "dependencies": [
            "aws_vpc.vpcmain"
          ]
        },
        {
          "index_key": 1,
          "schema_version": 1,
          "attributes": {
            "arn": "arn:aws:ec2:us-east-1:612350829261:subnet/subnet-0d7ed62df8a6a0c6a",
            "assign_ipv6_address_on_creation": false,
            "availability_zone": "us-east-1b",
            "availability_zone_id": "use1-az6",
            "cidr_block": "10.0.3.0/24",
            "id": "subnet-0d7ed62df8a6a0c6a",
            "ipv6_cidr_block": "",
            "ipv6_cidr_block_association_id": "",
            "map_public_ip_on_launch": true,
            "outpost_arn": "",
            "owner_id": "612350829261",
            "tags": {
              "Name": "private_subnet_1b"
            },
            "timeouts": null,
            "vpc_id": "vpc-0cb09f595170f8e93"
          },
          "private": "eyJlMmJmYjczMC1lY2FhLTExZTYtOGY4OC0zNDM2M2JjN2M0YzAiOnsiY3JlYXRlIjo2MDAwMDAwMDAwMDAsImRlbGV0ZSI6MTIwMDAwMDAwMDAwMH0sInNjaGVtYV92ZXJzaW9uIjoiMSJ9",
          "dependencies": [
            "aws_vpc.vpcmain"
          ]
        }
      ]
    },
    {
      "mode": "managed",
      "type": "aws_subnet",
      "name": "public_subnets",
      "each": "list",
      "provider": "provider.aws",
      "instances": [
        {
          "index_key": 0,
          "schema_version": 1,
          "attributes": {
            "arn": "arn:aws:ec2:us-east-1:612350829261:subnet/subnet-0f714bb3e3ddee3fa",
            "assign_ipv6_address_on_creation": false,
            "availability_zone": "us-east-1a",
            "availability_zone_id": "use1-az4",
            "cidr_block": "10.0.0.0/24",
            "id": "subnet-0f714bb3e3ddee3fa",
            "ipv6_cidr_block": "",
            "ipv6_cidr_block_association_id": "",
            "map_public_ip_on_launch": true,
            "outpost_arn": "",
            "owner_id": "612350829261",
            "tags": {
              "Name": "public_subnet_1a"
            },
            "timeouts": null,
            "vpc_id": "vpc-0cb09f595170f8e93"
          },
          "private": "eyJlMmJmYjczMC1lY2FhLTExZTYtOGY4OC0zNDM2M2JjN2M0YzAiOnsiY3JlYXRlIjo2MDAwMDAwMDAwMDAsImRlbGV0ZSI6MTIwMDAwMDAwMDAwMH0sInNjaGVtYV92ZXJzaW9uIjoiMSJ9",
          "dependencies": [
            "aws_vpc.vpcmain"
          ]
        },
        {
          "index_key": 1,
          "schema_version": 1,
          "attributes": {
            "arn": "arn:aws:ec2:us-east-1:612350829261:subnet/subnet-0a6b0a4c5bc3a1e31",
            "assign_ipv6_address_on_creation": false,
            "availability_zone": "us-east-1b",
            "availability_zone_id": "use1-az6",
            "cidr_block": "10.0.1.0/24",
            "id": "subnet-0a6b0a4c5bc3a1e31",
            "ipv6_cidr_block": "",
            "ipv6_cidr_block_association_id": "",
            "map_public_ip_on_launch": true,
            "outpost_arn": "",
            "owner_id": "612350829261",
            "tags": {
              "Name": "public_subnet_1b"
            },
            "timeouts": null,
            "vpc_id": "vpc-0cb09f595170f8e93"
          },
          "private": "eyJlMmJmYjczMC1lY2FhLTExZTYtOGY4OC0zNDM2M2JjN2M0YzAiOnsiY3JlYXRlIjo2MDAwMDAwMDAwMDAsImRlbGV0ZSI6MTIwMDAwMDAwMDAwMH0sInNjaGVtYV92ZXJzaW9uIjoiMSJ9",
          "dependencies": [
            "aws_vpc.vpcmain"
          ]
        }
      ]
    },
    {
      "mode": "managed",
      "type": "aws_vpc",
      "name": "vpcmain",
      "provider": "provider.aws",
      "instances": [
        {
          "schema_version": 1,
          "attributes": {
            "arn": "arn:aws:ec2:us-east-1:612350829261:vpc/vpc-0cb09f595170f8e93",
            "assign_generated_ipv6_cidr_block": false,
            "cidr_block": "10.0.0.0/16",
            "default_network_acl_id": "acl-07a3e8c005b213c40",
            "default_route_table_id": "rtb-0ebc444bb43aa09b2",
            "default_security_group_id": "sg-07b76abd3d707b860",
            "dhcp_options_id": "dopt-de6dd1a4",
            "enable_classiclink": false,
            "enable_classiclink_dns_support": false,
            "enable_dns_hostnames": true,
            "enable_dns_support": true,
            "id": "vpc-0cb09f595170f8e93",
            "instance_tenancy": "default",
            "ipv6_association_id": "",
            "ipv6_cidr_block": "",
            "main_route_table_id": "rtb-0ebc444bb43aa09b2",
            "owner_id": "612350829261",
            "tags": {
              "Name": "vpcmain"
            }
          },
          "private": "eyJzY2hlbWFfdmVyc2lvbiI6IjEifQ=="
        }
      ]
    },
    {
      "module": "module.db",
      "mode": "managed",
      "type": "random_id",
      "name": "snapshot_identifier",
      "each": "list",
      "provider": "provider.random",
      "instances": [
        {
          "index_key": 0,
          "schema_version": 0,
          "attributes": {
            "b64_std": "7cxyxw==",
            "b64_url": "7cxyxw",
            "byte_length": 4,
            "dec": "3989598919",
            "hex": "edcc72c7",
            "id": "7cxyxw",
            "keepers": {
              "id": "database"
            },
            "prefix": null
          },
          "private": "bnVsbA=="
        }
      ]
    },
    {
      "module": "module.db",
      "mode": "managed",
      "type": "random_password",
      "name": "master_password",
      "each": "list",
      "provider": "provider.random",
      "instances": [
        {
          "index_key": 0,
          "schema_version": 0,
          "attributes": {
            "id": "none",
            "keepers": null,
            "length": 10,
            "lower": true,
            "min_lower": 0,
            "min_numeric": 0,
            "min_special": 0,
            "min_upper": 0,
            "number": true,
            "override_special": null,
            "result": "w4FcKw2uAU",
            "special": false,
            "upper": true
          },
          "private": "bnVsbA=="
        }
      ]
    }
  ]
}
